// !$*UTF8*$!
{
	archiveVersion = 1;
	classes = {
	};
	objectVersion = 46;
	objects = {

/* Begin PBXBuildFile section */
		29F6D3A01F68F7BBF71B7239 /* libPods-Apollo_OC.a in Frameworks */ = {isa = PBXBuildFile; fileRef = 941B04D397EF3452436A3031 /* libPods-Apollo_OC.a */; };
		ED52EAF31EA88855000707DB /* Apollo.podspec in Resources */ = {isa = PBXBuildFile; fileRef = ED52EAF21EA88855000707DB /* Apollo.podspec */; };
		ED5F68471EC5821C004D3D96 /* README.md in Sources */ = {isa = PBXBuildFile; fileRef = ED5F68461EC5821C004D3D96 /* README.md */; };
		ED6903621EA70EB50000A8C9 /* JSONStandardTypeConversions.m in Sources */ = {isa = PBXBuildFile; fileRef = ED6903611EA70EB50000A8C9 /* JSONStandardTypeConversions.m */; };
		ED6903651EA722AC0000A8C9 /* API.m in Sources */ = {isa = PBXBuildFile; fileRef = ED6903641EA722AC0000A8C9 /* API.m */; };
		ED69036B1EA74C080000A8C9 /* NSArray+Map.m in Sources */ = {isa = PBXBuildFile; fileRef = ED69036A1EA74C080000A8C9 /* NSArray+Map.m */; };
		ED69036F1EA74C7A0000A8C9 /* NSMutableArray+Concat.m in Sources */ = {isa = PBXBuildFile; fileRef = ED69036E1EA74C7A0000A8C9 /* NSMutableArray+Concat.m */; };
		ED6903721EA74C920000A8C9 /* NSSet+Disjoint.m in Sources */ = {isa = PBXBuildFile; fileRef = ED6903711EA74C920000A8C9 /* NSSet+Disjoint.m */; };
		ED87096C1EA610A200CB9BC6 /* main.m in Sources */ = {isa = PBXBuildFile; fileRef = ED87096B1EA610A200CB9BC6 /* main.m */; };
		ED87096F1EA610A200CB9BC6 /* AppDelegate.m in Sources */ = {isa = PBXBuildFile; fileRef = ED87096E1EA610A200CB9BC6 /* AppDelegate.m */; };
		ED8709721EA610A200CB9BC6 /* FirstViewController.m in Sources */ = {isa = PBXBuildFile; fileRef = ED8709711EA610A200CB9BC6 /* FirstViewController.m */; };
		ED8709751EA610A200CB9BC6 /* SecondViewController.m in Sources */ = {isa = PBXBuildFile; fileRef = ED8709741EA610A200CB9BC6 /* SecondViewController.m */; };
		ED8709781EA610A200CB9BC6 /* Main.storyboard in Resources */ = {isa = PBXBuildFile; fileRef = ED8709761EA610A200CB9BC6 /* Main.storyboard */; };
		ED87097A1EA610A200CB9BC6 /* Assets.xcassets in Resources */ = {isa = PBXBuildFile; fileRef = ED8709791EA610A200CB9BC6 /* Assets.xcassets */; };
		ED87097D1EA610A200CB9BC6 /* LaunchScreen.storyboard in Resources */ = {isa = PBXBuildFile; fileRef = ED87097B1EA610A200CB9BC6 /* LaunchScreen.storyboard */; };
		ED8709871EA610EA00CB9BC6 /* ApolloClient.m in Sources */ = {isa = PBXBuildFile; fileRef = ED8709861EA610EA00CB9BC6 /* ApolloClient.m */; };
		ED87098B1EA611EE00CB9BC6 /* FetchQueryOperation.m in Sources */ = {isa = PBXBuildFile; fileRef = ED87098A1EA611EE00CB9BC6 /* FetchQueryOperation.m */; };
		ED87098E1EA6122F00CB9BC6 /* ApolloStore.m in Sources */ = {isa = PBXBuildFile; fileRef = ED87098D1EA6122F00CB9BC6 /* ApolloStore.m */; };
		ED8709981EA63FBC00CB9BC6 /* ApolloTuple.m in Sources */ = {isa = PBXBuildFile; fileRef = ED8709951EA63FBC00CB9BC6 /* ApolloTuple.m */; };
		ED87099C1EA6401E00CB9BC6 /* RecordSet.m in Sources */ = {isa = PBXBuildFile; fileRef = ED87099B1EA6401E00CB9BC6 /* RecordSet.m */; };
		ED8709A01EA6429D00CB9BC6 /* Record.m in Sources */ = {isa = PBXBuildFile; fileRef = ED87099F1EA6429D00CB9BC6 /* Record.m */; };
		ED8709A31EA6443E00CB9BC6 /* GraphQLResultReader.m in Sources */ = {isa = PBXBuildFile; fileRef = ED8709A21EA6443E00CB9BC6 /* GraphQLResultReader.m */; };
		ED8709A61EA6471D00CB9BC6 /* GraphQLTypes.m in Sources */ = {isa = PBXBuildFile; fileRef = ED8709A51EA6471D00CB9BC6 /* GraphQLTypes.m */; };
		ED8709A91EA6478F00CB9BC6 /* JSON.m in Sources */ = {isa = PBXBuildFile; fileRef = ED8709A81EA6478F00CB9BC6 /* JSON.m */; };
		ED8709AC1EA6481000CB9BC6 /* Field.m in Sources */ = {isa = PBXBuildFile; fileRef = ED8709AB1EA6481000CB9BC6 /* Field.m */; };
		ED8709AF1EA64CA900CB9BC6 /* Fragments.m in Sources */ = {isa = PBXBuildFile; fileRef = ED8709AE1EA64CA900CB9BC6 /* Fragments.m */; };
		ED8709B21EA64CF000CB9BC6 /* GraphQLError.m in Sources */ = {isa = PBXBuildFile; fileRef = ED8709B11EA64CEF00CB9BC6 /* GraphQLError.m */; };
		ED8709B71EA64D1700CB9BC6 /* GraphQLOperation.m in Sources */ = {isa = PBXBuildFile; fileRef = ED8709B41EA64D1700CB9BC6 /* GraphQLOperation.m */; };
		ED8709B81EA64D1700CB9BC6 /* GraphQLQueryWatcher.m in Sources */ = {isa = PBXBuildFile; fileRef = ED8709B61EA64D1700CB9BC6 /* GraphQLQueryWatcher.m */; };
		ED8709BB1EA64D3D00CB9BC6 /* GraphQLResponse.m in Sources */ = {isa = PBXBuildFile; fileRef = ED8709BA1EA64D3D00CB9BC6 /* GraphQLResponse.m */; };
		ED8709BE1EA64D4600CB9BC6 /* GraphQLResult.m in Sources */ = {isa = PBXBuildFile; fileRef = ED8709BD1EA64D4600CB9BC6 /* GraphQLResult.m */; };
		ED8709C11EA64D5B00CB9BC6 /* GraphQLResultNormalizer.m in Sources */ = {isa = PBXBuildFile; fileRef = ED8709C01EA64D5B00CB9BC6 /* GraphQLResultNormalizer.m */; };
		ED8709C41EA64D8500CB9BC6 /* HTTPNetworkTransport.m in Sources */ = {isa = PBXBuildFile; fileRef = ED8709C31EA64D8500CB9BC6 /* HTTPNetworkTransport.m */; };
		ED8709C91EA64D9600CB9BC6 /* NSDictionary+JSONEncodable.m in Sources */ = {isa = PBXBuildFile; fileRef = ED8709C61EA64D9600CB9BC6 /* NSDictionary+JSONEncodable.m */; };
		ED8709CA1EA64D9600CB9BC6 /* JSONSerializationFormat.m in Sources */ = {isa = PBXBuildFile; fileRef = ED8709C81EA64D9600CB9BC6 /* JSONSerializationFormat.m */; };
		ED8709CD1EA64DC300CB9BC6 /* NetworkTransport.m in Sources */ = {isa = PBXBuildFile; fileRef = ED8709CC1EA64DC300CB9BC6 /* NetworkTransport.m */; };
		ED8709D01EA64DEF00CB9BC6 /* NSHTTPURLResponse+Utilities.m in Sources */ = {isa = PBXBuildFile; fileRef = ED8709CF1EA64DEF00CB9BC6 /* NSHTTPURLResponse+Utilities.m */; };
		ED8709D31EA66B0A00CB9BC6 /* AsynchronousOperation.m in Sources */ = {isa = PBXBuildFile; fileRef = ED8709D21EA66B0A00CB9BC6 /* AsynchronousOperation.m */; };
		ED8709D91EA66FBA00CB9BC6 /* Cancellable.m in Sources */ = {isa = PBXBuildFile; fileRef = ED8709D81EA66FBA00CB9BC6 /* Cancellable.m */; };
/* End PBXBuildFile section */

/* Begin PBXFileReference section */
		421EFCEF52199683BB61B243 /* Pods-Apollo_OC.release.xcconfig */ = {isa = PBXFileReference; includeInIndex = 1; lastKnownFileType = text.xcconfig; name = "Pods-Apollo_OC.release.xcconfig"; path = "Pods/Target Support Files/Pods-Apollo_OC/Pods-Apollo_OC.release.xcconfig"; sourceTree = "<group>"; };
		941B04D397EF3452436A3031 /* libPods-Apollo_OC.a */ = {isa = PBXFileReference; explicitFileType = archive.ar; includeInIndex = 0; path = "libPods-Apollo_OC.a"; sourceTree = BUILT_PRODUCTS_DIR; };
		98F61DE28BF357E0C8CA78D1 /* Pods-Apollo_OC.debug.xcconfig */ = {isa = PBXFileReference; includeInIndex = 1; lastKnownFileType = text.xcconfig; name = "Pods-Apollo_OC.debug.xcconfig"; path = "Pods/Target Support Files/Pods-Apollo_OC/Pods-Apollo_OC.debug.xcconfig"; sourceTree = "<group>"; };
		ED52EAF21EA88855000707DB /* Apollo.podspec */ = {isa = PBXFileReference; fileEncoding = 4; lastKnownFileType = text; path = Apollo.podspec; sourceTree = SOURCE_ROOT; };
		ED5F68461EC5821C004D3D96 /* README.md */ = {isa = PBXFileReference; fileEncoding = 4; lastKnownFileType = net.daringfireball.markdown; path = README.md; sourceTree = SOURCE_ROOT; };
		ED6903601EA70EB50000A8C9 /* JSONStandardTypeConversions.h */ = {isa = PBXFileReference; fileEncoding = 4; lastKnownFileType = sourcecode.c.h; path = JSONStandardTypeConversions.h; sourceTree = "<group>"; };
		ED6903611EA70EB50000A8C9 /* JSONStandardTypeConversions.m */ = {isa = PBXFileReference; fileEncoding = 4; lastKnownFileType = sourcecode.c.objc; path = JSONStandardTypeConversions.m; sourceTree = "<group>"; };
		ED6903631EA722AC0000A8C9 /* API.h */ = {isa = PBXFileReference; fileEncoding = 4; lastKnownFileType = sourcecode.c.h; path = API.h; sourceTree = "<group>"; };
		ED6903641EA722AC0000A8C9 /* API.m */ = {isa = PBXFileReference; fileEncoding = 4; lastKnownFileType = sourcecode.c.objc; path = API.m; sourceTree = "<group>"; };
		ED6903691EA74C080000A8C9 /* NSArray+Map.h */ = {isa = PBXFileReference; fileEncoding = 4; lastKnownFileType = sourcecode.c.h; path = "NSArray+Map.h"; sourceTree = "<group>"; };
		ED69036A1EA74C080000A8C9 /* NSArray+Map.m */ = {isa = PBXFileReference; fileEncoding = 4; lastKnownFileType = sourcecode.c.objc; path = "NSArray+Map.m"; sourceTree = "<group>"; };
		ED69036D1EA74C7A0000A8C9 /* NSMutableArray+Concat.h */ = {isa = PBXFileReference; fileEncoding = 4; lastKnownFileType = sourcecode.c.h; path = "NSMutableArray+Concat.h"; sourceTree = "<group>"; };
		ED69036E1EA74C7A0000A8C9 /* NSMutableArray+Concat.m */ = {isa = PBXFileReference; fileEncoding = 4; lastKnownFileType = sourcecode.c.objc; path = "NSMutableArray+Concat.m"; sourceTree = "<group>"; };
		ED6903701EA74C920000A8C9 /* NSSet+Disjoint.h */ = {isa = PBXFileReference; fileEncoding = 4; lastKnownFileType = sourcecode.c.h; path = "NSSet+Disjoint.h"; sourceTree = "<group>"; };
		ED6903711EA74C920000A8C9 /* NSSet+Disjoint.m */ = {isa = PBXFileReference; fileEncoding = 4; lastKnownFileType = sourcecode.c.objc; path = "NSSet+Disjoint.m"; sourceTree = "<group>"; };
		ED8709671EA610A200CB9BC6 /* graphql-ios.app */ = {isa = PBXFileReference; explicitFileType = wrapper.application; includeInIndex = 0; path = "graphql-ios.app"; sourceTree = BUILT_PRODUCTS_DIR; };
		ED87096B1EA610A200CB9BC6 /* main.m */ = {isa = PBXFileReference; lastKnownFileType = sourcecode.c.objc; path = main.m; sourceTree = "<group>"; };
		ED87096D1EA610A200CB9BC6 /* AppDelegate.h */ = {isa = PBXFileReference; lastKnownFileType = sourcecode.c.h; path = AppDelegate.h; sourceTree = "<group>"; };
		ED87096E1EA610A200CB9BC6 /* AppDelegate.m */ = {isa = PBXFileReference; lastKnownFileType = sourcecode.c.objc; path = AppDelegate.m; sourceTree = "<group>"; };
		ED8709701EA610A200CB9BC6 /* FirstViewController.h */ = {isa = PBXFileReference; lastKnownFileType = sourcecode.c.h; path = FirstViewController.h; sourceTree = "<group>"; };
		ED8709711EA610A200CB9BC6 /* FirstViewController.m */ = {isa = PBXFileReference; lastKnownFileType = sourcecode.c.objc; path = FirstViewController.m; sourceTree = "<group>"; };
		ED8709731EA610A200CB9BC6 /* SecondViewController.h */ = {isa = PBXFileReference; lastKnownFileType = sourcecode.c.h; path = SecondViewController.h; sourceTree = "<group>"; };
		ED8709741EA610A200CB9BC6 /* SecondViewController.m */ = {isa = PBXFileReference; lastKnownFileType = sourcecode.c.objc; path = SecondViewController.m; sourceTree = "<group>"; };
		ED8709771EA610A200CB9BC6 /* Base */ = {isa = PBXFileReference; lastKnownFileType = file.storyboard; name = Base; path = Base.lproj/Main.storyboard; sourceTree = "<group>"; };
		ED8709791EA610A200CB9BC6 /* Assets.xcassets */ = {isa = PBXFileReference; lastKnownFileType = folder.assetcatalog; path = Assets.xcassets; sourceTree = "<group>"; };
		ED87097C1EA610A200CB9BC6 /* Base */ = {isa = PBXFileReference; lastKnownFileType = file.storyboard; name = Base; path = Base.lproj/LaunchScreen.storyboard; sourceTree = "<group>"; };
		ED87097E1EA610A200CB9BC6 /* Info.plist */ = {isa = PBXFileReference; lastKnownFileType = text.plist.xml; path = Info.plist; sourceTree = "<group>"; };
		ED8709851EA610EA00CB9BC6 /* ApolloClient.h */ = {isa = PBXFileReference; fileEncoding = 4; lastKnownFileType = sourcecode.c.h; path = ApolloClient.h; sourceTree = "<group>"; };
		ED8709861EA610EA00CB9BC6 /* ApolloClient.m */ = {isa = PBXFileReference; fileEncoding = 4; lastKnownFileType = sourcecode.c.objc; path = ApolloClient.m; sourceTree = "<group>"; };
		ED8709881EA6113600CB9BC6 /* OperationResultHandler.h */ = {isa = PBXFileReference; fileEncoding = 4; lastKnownFileType = sourcecode.c.h; path = OperationResultHandler.h; sourceTree = "<group>"; };
		ED8709891EA611EE00CB9BC6 /* FetchQueryOperation.h */ = {isa = PBXFileReference; fileEncoding = 4; lastKnownFileType = sourcecode.c.h; path = FetchQueryOperation.h; sourceTree = "<group>"; };
		ED87098A1EA611EE00CB9BC6 /* FetchQueryOperation.m */ = {isa = PBXFileReference; fileEncoding = 4; lastKnownFileType = sourcecode.c.objc; path = FetchQueryOperation.m; sourceTree = "<group>"; };
		ED87098C1EA6122F00CB9BC6 /* ApolloStore.h */ = {isa = PBXFileReference; fileEncoding = 4; lastKnownFileType = sourcecode.c.h; path = ApolloStore.h; sourceTree = "<group>"; };
		ED87098D1EA6122F00CB9BC6 /* ApolloStore.m */ = {isa = PBXFileReference; fileEncoding = 4; lastKnownFileType = sourcecode.c.objc; path = ApolloStore.m; sourceTree = "<group>"; };
		ED87098F1EA63F5E00CB9BC6 /* graphql-ios.pch */ = {isa = PBXFileReference; lastKnownFileType = sourcecode.c.h; path = "graphql-ios.pch"; sourceTree = "<group>"; };
		ED8709941EA63FBC00CB9BC6 /* ApolloTuple.h */ = {isa = PBXFileReference; fileEncoding = 4; lastKnownFileType = sourcecode.c.h; path = ApolloTuple.h; sourceTree = "<group>"; };
		ED8709951EA63FBC00CB9BC6 /* ApolloTuple.m */ = {isa = PBXFileReference; fileEncoding = 4; lastKnownFileType = sourcecode.c.objc; path = ApolloTuple.m; sourceTree = "<group>"; };
		ED87099A1EA6401E00CB9BC6 /* RecordSet.h */ = {isa = PBXFileReference; fileEncoding = 4; lastKnownFileType = sourcecode.c.h; path = RecordSet.h; sourceTree = "<group>"; };
		ED87099B1EA6401E00CB9BC6 /* RecordSet.m */ = {isa = PBXFileReference; fileEncoding = 4; lastKnownFileType = sourcecode.c.objc; path = RecordSet.m; sourceTree = "<group>"; };
		ED87099D1EA6412E00CB9BC6 /* CacheKeyForObject.h */ = {isa = PBXFileReference; fileEncoding = 4; lastKnownFileType = sourcecode.c.h; path = CacheKeyForObject.h; sourceTree = "<group>"; };
		ED87099E1EA6429D00CB9BC6 /* Record.h */ = {isa = PBXFileReference; fileEncoding = 4; lastKnownFileType = sourcecode.c.h; path = Record.h; sourceTree = "<group>"; };
		ED87099F1EA6429D00CB9BC6 /* Record.m */ = {isa = PBXFileReference; fileEncoding = 4; lastKnownFileType = sourcecode.c.objc; path = Record.m; sourceTree = "<group>"; };
		ED8709A11EA6443E00CB9BC6 /* GraphQLResultReader.h */ = {isa = PBXFileReference; fileEncoding = 4; lastKnownFileType = sourcecode.c.h; path = GraphQLResultReader.h; sourceTree = "<group>"; };
		ED8709A21EA6443E00CB9BC6 /* GraphQLResultReader.m */ = {isa = PBXFileReference; fileEncoding = 4; lastKnownFileType = sourcecode.c.objc; path = GraphQLResultReader.m; sourceTree = "<group>"; };
		ED8709A41EA6471D00CB9BC6 /* GraphQLTypes.h */ = {isa = PBXFileReference; fileEncoding = 4; lastKnownFileType = sourcecode.c.h; path = GraphQLTypes.h; sourceTree = "<group>"; };
		ED8709A51EA6471D00CB9BC6 /* GraphQLTypes.m */ = {isa = PBXFileReference; fileEncoding = 4; lastKnownFileType = sourcecode.c.objc; path = GraphQLTypes.m; sourceTree = "<group>"; };
		ED8709A71EA6478F00CB9BC6 /* JSON.h */ = {isa = PBXFileReference; fileEncoding = 4; lastKnownFileType = sourcecode.c.h; path = JSON.h; sourceTree = "<group>"; };
		ED8709A81EA6478F00CB9BC6 /* JSON.m */ = {isa = PBXFileReference; fileEncoding = 4; lastKnownFileType = sourcecode.c.objc; path = JSON.m; sourceTree = "<group>"; };
		ED8709AA1EA6481000CB9BC6 /* Field.h */ = {isa = PBXFileReference; fileEncoding = 4; lastKnownFileType = sourcecode.c.h; path = Field.h; sourceTree = "<group>"; };
		ED8709AB1EA6481000CB9BC6 /* Field.m */ = {isa = PBXFileReference; fileEncoding = 4; lastKnownFileType = sourcecode.c.objc; path = Field.m; sourceTree = "<group>"; };
		ED8709AD1EA64CA900CB9BC6 /* Fragments.h */ = {isa = PBXFileReference; fileEncoding = 4; lastKnownFileType = sourcecode.c.h; path = Fragments.h; sourceTree = "<group>"; };
		ED8709AE1EA64CA900CB9BC6 /* Fragments.m */ = {isa = PBXFileReference; fileEncoding = 4; lastKnownFileType = sourcecode.c.objc; path = Fragments.m; sourceTree = "<group>"; };
		ED8709B01EA64CEF00CB9BC6 /* GraphQLError.h */ = {isa = PBXFileReference; fileEncoding = 4; lastKnownFileType = sourcecode.c.h; path = GraphQLError.h; sourceTree = "<group>"; };
		ED8709B11EA64CEF00CB9BC6 /* GraphQLError.m */ = {isa = PBXFileReference; fileEncoding = 4; lastKnownFileType = sourcecode.c.objc; path = GraphQLError.m; sourceTree = "<group>"; };
		ED8709B31EA64D1700CB9BC6 /* GraphQLOperation.h */ = {isa = PBXFileReference; fileEncoding = 4; lastKnownFileType = sourcecode.c.h; path = GraphQLOperation.h; sourceTree = "<group>"; };
		ED8709B41EA64D1700CB9BC6 /* GraphQLOperation.m */ = {isa = PBXFileReference; fileEncoding = 4; lastKnownFileType = sourcecode.c.objc; path = GraphQLOperation.m; sourceTree = "<group>"; };
		ED8709B51EA64D1700CB9BC6 /* GraphQLQueryWatcher.h */ = {isa = PBXFileReference; fileEncoding = 4; lastKnownFileType = sourcecode.c.h; path = GraphQLQueryWatcher.h; sourceTree = "<group>"; };
		ED8709B61EA64D1700CB9BC6 /* GraphQLQueryWatcher.m */ = {isa = PBXFileReference; fileEncoding = 4; lastKnownFileType = sourcecode.c.objc; path = GraphQLQueryWatcher.m; sourceTree = "<group>"; };
		ED8709B91EA64D3D00CB9BC6 /* GraphQLResponse.h */ = {isa = PBXFileReference; fileEncoding = 4; lastKnownFileType = sourcecode.c.h; path = GraphQLResponse.h; sourceTree = "<group>"; };
		ED8709BA1EA64D3D00CB9BC6 /* GraphQLResponse.m */ = {isa = PBXFileReference; fileEncoding = 4; lastKnownFileType = sourcecode.c.objc; path = GraphQLResponse.m; sourceTree = "<group>"; };
		ED8709BC1EA64D4600CB9BC6 /* GraphQLResult.h */ = {isa = PBXFileReference; fileEncoding = 4; lastKnownFileType = sourcecode.c.h; path = GraphQLResult.h; sourceTree = "<group>"; };
		ED8709BD1EA64D4600CB9BC6 /* GraphQLResult.m */ = {isa = PBXFileReference; fileEncoding = 4; lastKnownFileType = sourcecode.c.objc; path = GraphQLResult.m; sourceTree = "<group>"; };
		ED8709BF1EA64D5B00CB9BC6 /* GraphQLResultNormalizer.h */ = {isa = PBXFileReference; fileEncoding = 4; lastKnownFileType = sourcecode.c.h; path = GraphQLResultNormalizer.h; sourceTree = "<group>"; };
		ED8709C01EA64D5B00CB9BC6 /* GraphQLResultNormalizer.m */ = {isa = PBXFileReference; fileEncoding = 4; lastKnownFileType = sourcecode.c.objc; path = GraphQLResultNormalizer.m; sourceTree = "<group>"; };
		ED8709C21EA64D8500CB9BC6 /* HTTPNetworkTransport.h */ = {isa = PBXFileReference; fileEncoding = 4; lastKnownFileType = sourcecode.c.h; path = HTTPNetworkTransport.h; sourceTree = "<group>"; };
		ED8709C31EA64D8500CB9BC6 /* HTTPNetworkTransport.m */ = {isa = PBXFileReference; fileEncoding = 4; lastKnownFileType = sourcecode.c.objc; path = HTTPNetworkTransport.m; sourceTree = "<group>"; };
		ED8709C51EA64D9600CB9BC6 /* NSDictionary+JSONEncodable.h */ = {isa = PBXFileReference; fileEncoding = 4; lastKnownFileType = sourcecode.c.h; path = "NSDictionary+JSONEncodable.h"; sourceTree = "<group>"; };
		ED8709C61EA64D9600CB9BC6 /* NSDictionary+JSONEncodable.m */ = {isa = PBXFileReference; fileEncoding = 4; lastKnownFileType = sourcecode.c.objc; path = "NSDictionary+JSONEncodable.m"; sourceTree = "<group>"; };
		ED8709C71EA64D9600CB9BC6 /* JSONSerializationFormat.h */ = {isa = PBXFileReference; fileEncoding = 4; lastKnownFileType = sourcecode.c.h; path = JSONSerializationFormat.h; sourceTree = "<group>"; };
		ED8709C81EA64D9600CB9BC6 /* JSONSerializationFormat.m */ = {isa = PBXFileReference; fileEncoding = 4; lastKnownFileType = sourcecode.c.objc; path = JSONSerializationFormat.m; sourceTree = "<group>"; };
		ED8709CB1EA64DC300CB9BC6 /* NetworkTransport.h */ = {isa = PBXFileReference; fileEncoding = 4; lastKnownFileType = sourcecode.c.h; path = NetworkTransport.h; sourceTree = "<group>"; };
		ED8709CC1EA64DC300CB9BC6 /* NetworkTransport.m */ = {isa = PBXFileReference; fileEncoding = 4; lastKnownFileType = sourcecode.c.objc; path = NetworkTransport.m; sourceTree = "<group>"; };
		ED8709CE1EA64DEF00CB9BC6 /* NSHTTPURLResponse+Utilities.h */ = {isa = PBXFileReference; fileEncoding = 4; lastKnownFileType = sourcecode.c.h; path = "NSHTTPURLResponse+Utilities.h"; sourceTree = "<group>"; };
		ED8709CF1EA64DEF00CB9BC6 /* NSHTTPURLResponse+Utilities.m */ = {isa = PBXFileReference; fileEncoding = 4; lastKnownFileType = sourcecode.c.objc; path = "NSHTTPURLResponse+Utilities.m"; sourceTree = "<group>"; };
		ED8709D11EA66B0A00CB9BC6 /* AsynchronousOperation.h */ = {isa = PBXFileReference; fileEncoding = 4; lastKnownFileType = sourcecode.c.h; path = AsynchronousOperation.h; sourceTree = "<group>"; };
		ED8709D21EA66B0A00CB9BC6 /* AsynchronousOperation.m */ = {isa = PBXFileReference; fileEncoding = 4; lastKnownFileType = sourcecode.c.objc; path = AsynchronousOperation.m; sourceTree = "<group>"; };
		ED8709D71EA66FBA00CB9BC6 /* Cancellable.h */ = {isa = PBXFileReference; fileEncoding = 4; lastKnownFileType = sourcecode.c.h; path = Cancellable.h; sourceTree = "<group>"; };
		ED8709D81EA66FBA00CB9BC6 /* Cancellable.m */ = {isa = PBXFileReference; fileEncoding = 4; lastKnownFileType = sourcecode.c.objc; path = Cancellable.m; sourceTree = "<group>"; };
/* End PBXFileReference section */

/* Begin PBXFrameworksBuildPhase section */
		ED8709641EA610A200CB9BC6 /* Frameworks */ = {
			isa = PBXFrameworksBuildPhase;
			buildActionMask = 2147483647;
			files = (
				29F6D3A01F68F7BBF71B7239 /* libPods-Apollo_OC.a in Frameworks */,
			);
			runOnlyForDeploymentPostprocessing = 0;
		};
/* End PBXFrameworksBuildPhase section */

/* Begin PBXGroup section */
		771C40CCBC07547C26783C72 /* Pods */ = {
			isa = PBXGroup;
			children = (
				98F61DE28BF357E0C8CA78D1 /* Pods-Apollo_OC.debug.xcconfig */,
				421EFCEF52199683BB61B243 /* Pods-Apollo_OC.release.xcconfig */,
			);
			name = Pods;
			sourceTree = "<group>";
		};
		ED87095E1EA610A200CB9BC6 = {
			isa = PBXGroup;
			children = (
				ED8709691EA610A200CB9BC6 /* graphql-ios */,
				ED8709681EA610A200CB9BC6 /* Products */,
				771C40CCBC07547C26783C72 /* Pods */,
				F88877D0782A4CD6B54711FD /* Frameworks */,
			);
			sourceTree = "<group>";
		};
		ED8709681EA610A200CB9BC6 /* Products */ = {
			isa = PBXGroup;
			children = (
				ED8709671EA610A200CB9BC6 /* graphql-ios.app */,
			);
			name = Products;
			sourceTree = "<group>";
		};
		ED8709691EA610A200CB9BC6 /* graphql-ios */ = {
			isa = PBXGroup;
			children = (
				ED52EAF21EA88855000707DB /* Apollo.podspec */,
				ED5F68461EC5821C004D3D96 /* README.md */,
				ED87098F1EA63F5E00CB9BC6 /* graphql-ios.pch */,
				ED87096D1EA610A200CB9BC6 /* AppDelegate.h */,
				ED87096E1EA610A200CB9BC6 /* AppDelegate.m */,
				ED8709701EA610A200CB9BC6 /* FirstViewController.h */,
				ED8709711EA610A200CB9BC6 /* FirstViewController.m */,
				ED8709731EA610A200CB9BC6 /* SecondViewController.h */,
				ED8709741EA610A200CB9BC6 /* SecondViewController.m */,
				ED8709761EA610A200CB9BC6 /* Main.storyboard */,
				ED6903631EA722AC0000A8C9 /* API.h */,
				ED6903641EA722AC0000A8C9 /* API.m */,
				ED8709841EA610CC00CB9BC6 /* Apollo */,
				ED8709791EA610A200CB9BC6 /* Assets.xcassets */,
				ED87097B1EA610A200CB9BC6 /* LaunchScreen.storyboard */,
				ED87097E1EA610A200CB9BC6 /* Info.plist */,
				ED87096A1EA610A200CB9BC6 /* Supporting Files */,
			);
			name = "graphql-ios";
			path = Apollo_OC;
			sourceTree = "<group>";
		};
		ED87096A1EA610A200CB9BC6 /* Supporting Files */ = {
			isa = PBXGroup;
			children = (
				ED87096B1EA610A200CB9BC6 /* main.m */,
			);
			name = "Supporting Files";
			sourceTree = "<group>";
		};
		ED8709841EA610CC00CB9BC6 /* Apollo */ = {
			isa = PBXGroup;
			children = (
				ED8709881EA6113600CB9BC6 /* OperationResultHandler.h */,
				ED87099D1EA6412E00CB9BC6 /* CacheKeyForObject.h */,
				ED8709851EA610EA00CB9BC6 /* ApolloClient.h */,
				ED8709861EA610EA00CB9BC6 /* ApolloClient.m */,
				ED8709891EA611EE00CB9BC6 /* FetchQueryOperation.h */,
				ED87098A1EA611EE00CB9BC6 /* FetchQueryOperation.m */,
				ED87098C1EA6122F00CB9BC6 /* ApolloStore.h */,
				ED87098D1EA6122F00CB9BC6 /* ApolloStore.m */,
				ED8709D11EA66B0A00CB9BC6 /* AsynchronousOperation.h */,
				ED8709D21EA66B0A00CB9BC6 /* AsynchronousOperation.m */,
				ED8709AA1EA6481000CB9BC6 /* Field.h */,
				ED8709AB1EA6481000CB9BC6 /* Field.m */,
				ED8709AD1EA64CA900CB9BC6 /* Fragments.h */,
				ED8709AE1EA64CA900CB9BC6 /* Fragments.m */,
				ED8709B01EA64CEF00CB9BC6 /* GraphQLError.h */,
				ED8709B11EA64CEF00CB9BC6 /* GraphQLError.m */,
				ED8709B31EA64D1700CB9BC6 /* GraphQLOperation.h */,
				ED8709B41EA64D1700CB9BC6 /* GraphQLOperation.m */,
				ED8709B51EA64D1700CB9BC6 /* GraphQLQueryWatcher.h */,
				ED8709B61EA64D1700CB9BC6 /* GraphQLQueryWatcher.m */,
				ED8709B91EA64D3D00CB9BC6 /* GraphQLResponse.h */,
				ED8709BA1EA64D3D00CB9BC6 /* GraphQLResponse.m */,
				ED8709BC1EA64D4600CB9BC6 /* GraphQLResult.h */,
				ED8709BD1EA64D4600CB9BC6 /* GraphQLResult.m */,
				ED8709BF1EA64D5B00CB9BC6 /* GraphQLResultNormalizer.h */,
				ED8709C01EA64D5B00CB9BC6 /* GraphQLResultNormalizer.m */,
				ED8709A11EA6443E00CB9BC6 /* GraphQLResultReader.h */,
				ED8709A21EA6443E00CB9BC6 /* GraphQLResultReader.m */,
				ED8709A41EA6471D00CB9BC6 /* GraphQLTypes.h */,
				ED8709A51EA6471D00CB9BC6 /* GraphQLTypes.m */,
				ED8709C21EA64D8500CB9BC6 /* HTTPNetworkTransport.h */,
				ED8709C31EA64D8500CB9BC6 /* HTTPNetworkTransport.m */,
				ED8709CB1EA64DC300CB9BC6 /* NetworkTransport.h */,
				ED8709CC1EA64DC300CB9BC6 /* NetworkTransport.m */,
				ED8709A71EA6478F00CB9BC6 /* JSON.h */,
				ED8709A81EA6478F00CB9BC6 /* JSON.m */,
				ED8709C71EA64D9600CB9BC6 /* JSONSerializationFormat.h */,
				ED8709C81EA64D9600CB9BC6 /* JSONSerializationFormat.m */,
				ED6903601EA70EB50000A8C9 /* JSONStandardTypeConversions.h */,
				ED6903611EA70EB50000A8C9 /* JSONStandardTypeConversions.m */,
				ED87099E1EA6429D00CB9BC6 /* Record.h */,
				ED87099F1EA6429D00CB9BC6 /* Record.m */,
				ED87099A1EA6401E00CB9BC6 /* RecordSet.h */,
				ED87099B1EA6401E00CB9BC6 /* RecordSet.m */,
				ED8709C51EA64D9600CB9BC6 /* NSDictionary+JSONEncodable.h */,
				ED8709C61EA64D9600CB9BC6 /* NSDictionary+JSONEncodable.m */,
				ED8709D71EA66FBA00CB9BC6 /* Cancellable.h */,
				ED8709D81EA66FBA00CB9BC6 /* Cancellable.m */,
				ED8709991EA63FCF00CB9BC6 /* Utilities */,
			);
			path = Apollo;
			sourceTree = "<group>";
		};
		ED8709991EA63FCF00CB9BC6 /* Utilities */ = {
			isa = PBXGroup;
			children = (
				ED8709941EA63FBC00CB9BC6 /* ApolloTuple.h */,
				ED8709951EA63FBC00CB9BC6 /* ApolloTuple.m */,
				ED8709CE1EA64DEF00CB9BC6 /* NSHTTPURLResponse+Utilities.h */,
				ED8709CF1EA64DEF00CB9BC6 /* NSHTTPURLResponse+Utilities.m */,
				ED6903691EA74C080000A8C9 /* NSArray+Map.h */,
				ED69036A1EA74C080000A8C9 /* NSArray+Map.m */,
				ED69036D1EA74C7A0000A8C9 /* NSMutableArray+Concat.h */,
				ED69036E1EA74C7A0000A8C9 /* NSMutableArray+Concat.m */,
				ED6903701EA74C920000A8C9 /* NSSet+Disjoint.h */,
				ED6903711EA74C920000A8C9 /* NSSet+Disjoint.m */,
			);
			name = Utilities;
			sourceTree = "<group>";
		};
		F88877D0782A4CD6B54711FD /* Frameworks */ = {
			isa = PBXGroup;
			children = (
				941B04D397EF3452436A3031 /* libPods-Apollo_OC.a */,
			);
			name = Frameworks;
			sourceTree = "<group>";
		};
/* End PBXGroup section */

/* Begin PBXNativeTarget section */
		ED8709661EA610A200CB9BC6 /* graphql-ios */ = {
			isa = PBXNativeTarget;
			buildConfigurationList = ED8709811EA610A200CB9BC6 /* Build configuration list for PBXNativeTarget "graphql-ios" */;
			buildPhases = (
				9761A556E9B137CA4C99E471 /* [CP] Check Pods Manifest.lock */,
				ED8709631EA610A200CB9BC6 /* Sources */,
				ED8709641EA610A200CB9BC6 /* Frameworks */,
				ED8709651EA610A200CB9BC6 /* Resources */,
				B9A574A50007C16AEE3B21E4 /* [CP] Embed Pods Frameworks */,
				715E32751110750C64AF325B /* [CP] Copy Pods Resources */,
			);
			buildRules = (
			);
			dependencies = (
			);
			name = "graphql-ios";
			productName = Apollo_OC;
			productReference = ED8709671EA610A200CB9BC6 /* graphql-ios.app */;
			productType = "com.apple.product-type.application";
		};
/* End PBXNativeTarget section */

/* Begin PBXProject section */
		ED87095F1EA610A200CB9BC6 /* Project object */ = {
			isa = PBXProject;
			attributes = {
				LastUpgradeCheck = 0830;
				ORGANIZATIONNAME = "Midtown Doornail";
				TargetAttributes = {
					ED8709661EA610A200CB9BC6 = {
						CreatedOnToolsVersion = 8.3;
						DevelopmentTeam = ZWR8MWYL3V;
						ProvisioningStyle = Automatic;
					};
				};
			};
			buildConfigurationList = ED8709621EA610A200CB9BC6 /* Build configuration list for PBXProject "graphql-ios" */;
			compatibilityVersion = "Xcode 3.2";
			developmentRegion = English;
			hasScannedForEncodings = 0;
			knownRegions = (
				en,
				Base,
			);
			mainGroup = ED87095E1EA610A200CB9BC6;
			productRefGroup = ED8709681EA610A200CB9BC6 /* Products */;
			projectDirPath = "";
			projectRoot = "";
			targets = (
				ED8709661EA610A200CB9BC6 /* graphql-ios */,
			);
		};
/* End PBXProject section */

/* Begin PBXResourcesBuildPhase section */
		ED8709651EA610A200CB9BC6 /* Resources */ = {
			isa = PBXResourcesBuildPhase;
			buildActionMask = 2147483647;
			files = (
				ED87097D1EA610A200CB9BC6 /* LaunchScreen.storyboard in Resources */,
				ED52EAF31EA88855000707DB /* Apollo.podspec in Resources */,
				ED87097A1EA610A200CB9BC6 /* Assets.xcassets in Resources */,
				ED8709781EA610A200CB9BC6 /* Main.storyboard in Resources */,
			);
			runOnlyForDeploymentPostprocessing = 0;
		};
/* End PBXResourcesBuildPhase section */

/* Begin PBXShellScriptBuildPhase section */
		715E32751110750C64AF325B /* [CP] Copy Pods Resources */ = {
			isa = PBXShellScriptBuildPhase;
			buildActionMask = 2147483647;
			files = (
			);
			inputPaths = (
			);
			name = "[CP] Copy Pods Resources";
			outputPaths = (
			);
			runOnlyForDeploymentPostprocessing = 0;
			shellPath = /bin/sh;
			shellScript = "\"${SRCROOT}/Pods/Target Support Files/Pods-Apollo_OC/Pods-Apollo_OC-resources.sh\"\n";
			showEnvVarsInLog = 0;
		};
		9761A556E9B137CA4C99E471 /* [CP] Check Pods Manifest.lock */ = {
			isa = PBXShellScriptBuildPhase;
			buildActionMask = 2147483647;
			files = (
			);
			inputPaths = (
			);
			name = "[CP] Check Pods Manifest.lock";
			outputPaths = (
			);
			runOnlyForDeploymentPostprocessing = 0;
			shellPath = /bin/sh;
			shellScript = "diff \"${PODS_ROOT}/../Podfile.lock\" \"${PODS_ROOT}/Manifest.lock\" > /dev/null\nif [ $? != 0 ] ; then\n    # print error to STDERR\n    echo \"error: The sandbox is not in sync with the Podfile.lock. Run 'pod install' or update your CocoaPods installation.\" >&2\n    exit 1\nfi\n";
			showEnvVarsInLog = 0;
		};
		B9A574A50007C16AEE3B21E4 /* [CP] Embed Pods Frameworks */ = {
			isa = PBXShellScriptBuildPhase;
			buildActionMask = 2147483647;
			files = (
			);
			inputPaths = (
			);
			name = "[CP] Embed Pods Frameworks";
			outputPaths = (
			);
			runOnlyForDeploymentPostprocessing = 0;
			shellPath = /bin/sh;
			shellScript = "\"${SRCROOT}/Pods/Target Support Files/Pods-Apollo_OC/Pods-Apollo_OC-frameworks.sh\"\n";
			showEnvVarsInLog = 0;
		};
/* End PBXShellScriptBuildPhase section */

/* Begin PBXSourcesBuildPhase section */
		ED8709631EA610A200CB9BC6 /* Sources */ = {
			isa = PBXSourcesBuildPhase;
			buildActionMask = 2147483647;
			files = (
				ED6903651EA722AC0000A8C9 /* API.m in Sources */,
				ED8709D31EA66B0A00CB9BC6 /* AsynchronousOperation.m in Sources */,
				ED8709C41EA64D8500CB9BC6 /* HTTPNetworkTransport.m in Sources */,
				ED8709871EA610EA00CB9BC6 /* ApolloClient.m in Sources */,
				ED87099C1EA6401E00CB9BC6 /* RecordSet.m in Sources */,
				ED8709BE1EA64D4600CB9BC6 /* GraphQLResult.m in Sources */,
				ED8709C91EA64D9600CB9BC6 /* NSDictionary+JSONEncodable.m in Sources */,
				ED8709D01EA64DEF00CB9BC6 /* NSHTTPURLResponse+Utilities.m in Sources */,
				ED8709B71EA64D1700CB9BC6 /* GraphQLOperation.m in Sources */,
				ED8709751EA610A200CB9BC6 /* SecondViewController.m in Sources */,
				ED8709D91EA66FBA00CB9BC6 /* Cancellable.m in Sources */,
				ED69036B1EA74C080000A8C9 /* NSArray+Map.m in Sources */,
				ED87096F1EA610A200CB9BC6 /* AppDelegate.m in Sources */,
				ED8709BB1EA64D3D00CB9BC6 /* GraphQLResponse.m in Sources */,
				ED8709A61EA6471D00CB9BC6 /* GraphQLTypes.m in Sources */,
				ED8709B81EA64D1700CB9BC6 /* GraphQLQueryWatcher.m in Sources */,
				ED8709AF1EA64CA900CB9BC6 /* Fragments.m in Sources */,
				ED8709AC1EA6481000CB9BC6 /* Field.m in Sources */,
				ED87098B1EA611EE00CB9BC6 /* FetchQueryOperation.m in Sources */,
				ED8709C11EA64D5B00CB9BC6 /* GraphQLResultNormalizer.m in Sources */,
				ED6903721EA74C920000A8C9 /* NSSet+Disjoint.m in Sources */,
				ED8709A31EA6443E00CB9BC6 /* GraphQLResultReader.m in Sources */,
				ED8709CA1EA64D9600CB9BC6 /* JSONSerializationFormat.m in Sources */,
				ED8709CD1EA64DC300CB9BC6 /* NetworkTransport.m in Sources */,
				ED8709981EA63FBC00CB9BC6 /* ApolloTuple.m in Sources */,
				ED8709A91EA6478F00CB9BC6 /* JSON.m in Sources */,
				ED8709721EA610A200CB9BC6 /* FirstViewController.m in Sources */,
				ED8709B21EA64CF000CB9BC6 /* GraphQLError.m in Sources */,
				ED5F68471EC5821C004D3D96 /* README.md in Sources */,
				ED87098E1EA6122F00CB9BC6 /* ApolloStore.m in Sources */,
				ED8709A01EA6429D00CB9BC6 /* Record.m in Sources */,
				ED6903621EA70EB50000A8C9 /* JSONStandardTypeConversions.m in Sources */,
				ED87096C1EA610A200CB9BC6 /* main.m in Sources */,
				ED69036F1EA74C7A0000A8C9 /* NSMutableArray+Concat.m in Sources */,
			);
			runOnlyForDeploymentPostprocessing = 0;
		};
/* End PBXSourcesBuildPhase section */

/* Begin PBXVariantGroup section */
		ED8709761EA610A200CB9BC6 /* Main.storyboard */ = {
			isa = PBXVariantGroup;
			children = (
				ED8709771EA610A200CB9BC6 /* Base */,
			);
			name = Main.storyboard;
			sourceTree = "<group>";
		};
		ED87097B1EA610A200CB9BC6 /* LaunchScreen.storyboard */ = {
			isa = PBXVariantGroup;
			children = (
				ED87097C1EA610A200CB9BC6 /* Base */,
			);
			name = LaunchScreen.storyboard;
			sourceTree = "<group>";
		};
/* End PBXVariantGroup section */

/* Begin XCBuildConfiguration section */
		ED87097F1EA610A200CB9BC6 /* Debug */ = {
			isa = XCBuildConfiguration;
			buildSettings = {
				ALWAYS_SEARCH_USER_PATHS = NO;
				CLANG_ANALYZER_NONNULL = YES;
				CLANG_ANALYZER_NUMBER_OBJECT_CONVERSION = YES_AGGRESSIVE;
				CLANG_CXX_LANGUAGE_STANDARD = "gnu++0x";
				CLANG_CXX_LIBRARY = "libc++";
				CLANG_ENABLE_MODULES = YES;
				CLANG_ENABLE_OBJC_ARC = YES;
				CLANG_WARN_BOOL_CONVERSION = YES;
				CLANG_WARN_CONSTANT_CONVERSION = YES;
				CLANG_WARN_DIRECT_OBJC_ISA_USAGE = YES_ERROR;
				CLANG_WARN_DOCUMENTATION_COMMENTS = YES;
				CLANG_WARN_EMPTY_BODY = YES;
				CLANG_WARN_ENUM_CONVERSION = YES;
				CLANG_WARN_INFINITE_RECURSION = YES;
				CLANG_WARN_INT_CONVERSION = YES;
				CLANG_WARN_OBJC_ROOT_CLASS = YES_ERROR;
				CLANG_WARN_SUSPICIOUS_MOVE = YES;
				CLANG_WARN_UNREACHABLE_CODE = YES;
				CLANG_WARN__DUPLICATE_METHOD_MATCH = YES;
				"CODE_SIGN_IDENTITY[sdk=iphoneos*]" = "iPhone Developer";
				COPY_PHASE_STRIP = NO;
				DEBUG_INFORMATION_FORMAT = dwarf;
				ENABLE_STRICT_OBJC_MSGSEND = YES;
				ENABLE_TESTABILITY = YES;
				GCC_C_LANGUAGE_STANDARD = gnu99;
				GCC_DYNAMIC_NO_PIC = NO;
				GCC_NO_COMMON_BLOCKS = YES;
				GCC_OPTIMIZATION_LEVEL = 0;
				GCC_PREPROCESSOR_DEFINITIONS = (
					"DEBUG=1",
					"$(inherited)",
				);
				GCC_WARN_64_TO_32_BIT_CONVERSION = YES;
				GCC_WARN_ABOUT_RETURN_TYPE = YES_ERROR;
				GCC_WARN_UNDECLARED_SELECTOR = YES;
				GCC_WARN_UNINITIALIZED_AUTOS = YES_AGGRESSIVE;
				GCC_WARN_UNUSED_FUNCTION = YES;
				GCC_WARN_UNUSED_VARIABLE = YES;
				IPHONEOS_DEPLOYMENT_TARGET = 10.3;
				MTL_ENABLE_DEBUG_INFO = YES;
				ONLY_ACTIVE_ARCH = YES;
				SDKROOT = iphoneos;
			};
			name = Debug;
		};
		ED8709801EA610A200CB9BC6 /* Release */ = {
			isa = XCBuildConfiguration;
			buildSettings = {
				ALWAYS_SEARCH_USER_PATHS = NO;
				CLANG_ANALYZER_NONNULL = YES;
				CLANG_ANALYZER_NUMBER_OBJECT_CONVERSION = YES_AGGRESSIVE;
				CLANG_CXX_LANGUAGE_STANDARD = "gnu++0x";
				CLANG_CXX_LIBRARY = "libc++";
				CLANG_ENABLE_MODULES = YES;
				CLANG_ENABLE_OBJC_ARC = YES;
				CLANG_WARN_BOOL_CONVERSION = YES;
				CLANG_WARN_CONSTANT_CONVERSION = YES;
				CLANG_WARN_DIRECT_OBJC_ISA_USAGE = YES_ERROR;
				CLANG_WARN_DOCUMENTATION_COMMENTS = YES;
				CLANG_WARN_EMPTY_BODY = YES;
				CLANG_WARN_ENUM_CONVERSION = YES;
				CLANG_WARN_INFINITE_RECURSION = YES;
				CLANG_WARN_INT_CONVERSION = YES;
				CLANG_WARN_OBJC_ROOT_CLASS = YES_ERROR;
				CLANG_WARN_SUSPICIOUS_MOVE = YES;
				CLANG_WARN_UNREACHABLE_CODE = YES;
				CLANG_WARN__DUPLICATE_METHOD_MATCH = YES;
				"CODE_SIGN_IDENTITY[sdk=iphoneos*]" = "iPhone Developer";
				COPY_PHASE_STRIP = NO;
				DEBUG_INFORMATION_FORMAT = "dwarf-with-dsym";
				ENABLE_NS_ASSERTIONS = NO;
				ENABLE_STRICT_OBJC_MSGSEND = YES;
				GCC_C_LANGUAGE_STANDARD = gnu99;
				GCC_NO_COMMON_BLOCKS = YES;
				GCC_WARN_64_TO_32_BIT_CONVERSION = YES;
				GCC_WARN_ABOUT_RETURN_TYPE = YES_ERROR;
				GCC_WARN_UNDECLARED_SELECTOR = YES;
				GCC_WARN_UNINITIALIZED_AUTOS = YES_AGGRESSIVE;
				GCC_WARN_UNUSED_FUNCTION = YES;
				GCC_WARN_UNUSED_VARIABLE = YES;
				IPHONEOS_DEPLOYMENT_TARGET = 10.3;
				MTL_ENABLE_DEBUG_INFO = NO;
				SDKROOT = iphoneos;
				VALIDATE_PRODUCT = YES;
			};
			name = Release;
		};
		ED8709821EA610A200CB9BC6 /* Debug */ = {
			isa = XCBuildConfiguration;
			baseConfigurationReference = 98F61DE28BF357E0C8CA78D1 /* Pods-Apollo_OC.debug.xcconfig */;
			buildSettings = {
				ASSETCATALOG_COMPILER_APPICON_NAME = AppIcon;
				DEVELOPMENT_TEAM = ZWR8MWYL3V;
				GCC_PREFIX_HEADER = "Apollo_OC/graphql-ios.pch";
				INFOPLIST_FILE = Apollo_OC/Info.plist;
				LD_RUNPATH_SEARCH_PATHS = "$(inherited) @executable_path/Frameworks";
				PRODUCT_BUNDLE_IDENTIFIER = "Midtown-Doornail.Apollo-OC";
				PRODUCT_NAME = "$(TARGET_NAME)";
			};
			name = Debug;
		};
		ED8709831EA610A200CB9BC6 /* Release */ = {
			isa = XCBuildConfiguration;
			baseConfigurationReference = 421EFCEF52199683BB61B243 /* Pods-Apollo_OC.release.xcconfig */;
			buildSettings = {
				ASSETCATALOG_COMPILER_APPICON_NAME = AppIcon;
				DEVELOPMENT_TEAM = ZWR8MWYL3V;
				GCC_PREFIX_HEADER = "Apollo_OC/graphql-ios.pch";
				INFOPLIST_FILE = Apollo_OC/Info.plist;
				LD_RUNPATH_SEARCH_PATHS = "$(inherited) @executable_path/Frameworks";
				PRODUCT_BUNDLE_IDENTIFIER = "Midtown-Doornail.Apollo-OC";
				PRODUCT_NAME = "$(TARGET_NAME)";
			};
			name = Release;
		};
/* End XCBuildConfiguration section */

/* Begin XCConfigurationList section */
		ED8709621EA610A200CB9BC6 /* Build configuration list for PBXProject "graphql-ios" */ = {
			isa = XCConfigurationList;
			buildConfigurations = (
				ED87097F1EA610A200CB9BC6 /* Debug */,
				ED8709801EA610A200CB9BC6 /* Release */,
			);
			defaultConfigurationIsVisible = 0;
			defaultConfigurationName = Release;
		};
		ED8709811EA610A200CB9BC6 /* Build configuration list for PBXNativeTarget "graphql-ios" */ = {
			isa = XCConfigurationList;
			buildConfigurations = (
				ED8709821EA610A200CB9BC6 /* Debug */,
				ED8709831EA610A200CB9BC6 /* Release */,
			);
			defaultConfigurationIsVisible = 0;
			defaultConfigurationName = Release;
		};
/* End XCConfigurationList section */
	};
	rootObject = ED87095F1EA610A200CB9BC6 /* Project object */;
}
