// !$*UTF8*$!
{
	archiveVersion = 1;
	classes = {
	};
	objectVersion = 46;
	objects = {

/* Begin PBXBuildFile section */
		ED87096C1EA610A200CB9BC6 /* main.m in Sources */ = {isa = PBXBuildFile; fileRef = ED87096B1EA610A200CB9BC6 /* main.m */; };
		ED87096F1EA610A200CB9BC6 /* AppDelegate.m in Sources */ = {isa = PBXBuildFile; fileRef = ED87096E1EA610A200CB9BC6 /* AppDelegate.m */; };
		ED8709721EA610A200CB9BC6 /* FirstViewController.m in Sources */ = {isa = PBXBuildFile; fileRef = ED8709711EA610A200CB9BC6 /* FirstViewController.m */; };
		ED8709751EA610A200CB9BC6 /* SecondViewController.m in Sources */ = {isa = PBXBuildFile; fileRef = ED8709741EA610A200CB9BC6 /* SecondViewController.m */; };
		ED8709781EA610A200CB9BC6 /* Main.storyboard in Resources */ = {isa = PBXBuildFile; fileRef = ED8709761EA610A200CB9BC6 /* Main.storyboard */; };
		ED87097A1EA610A200CB9BC6 /* Assets.xcassets in Resources */ = {isa = PBXBuildFile; fileRef = ED8709791EA610A200CB9BC6 /* Assets.xcassets */; };
		ED87097D1EA610A200CB9BC6 /* LaunchScreen.storyboard in Resources */ = {isa = PBXBuildFile; fileRef = ED87097B1EA610A200CB9BC6 /* LaunchScreen.storyboard */; };
/* End PBXBuildFile section */

/* Begin PBXFileReference section */
		ED8709671EA610A200CB9BC6 /* Apollo_OC.app */ = {isa = PBXFileReference; explicitFileType = wrapper.application; includeInIndex = 0; path = Apollo_OC.app; sourceTree = BUILT_PRODUCTS_DIR; };
		ED87096B1EA610A200CB9BC6 /* main.m */ = {isa = PBXFileReference; lastKnownFileType = sourcecode.c.objc; path = main.m; sourceTree = "<group>"; };
		ED87096D1EA610A200CB9BC6 /* AppDelegate.h */ = {isa = PBXFileReference; lastKnownFileType = sourcecode.c.h; path = AppDelegate.h; sourceTree = "<group>"; };
		ED87096E1EA610A200CB9BC6 /* AppDelegate.m */ = {isa = PBXFileReference; lastKnownFileType = sourcecode.c.objc; path = AppDelegate.m; sourceTree = "<group>"; };
		ED8709701EA610A200CB9BC6 /* FirstViewController.h */ = {isa = PBXFileReference; lastKnownFileType = sourcecode.c.h; path = FirstViewController.h; sourceTree = "<group>"; };
		ED8709711EA610A200CB9BC6 /* FirstViewController.m */ = {isa = PBXFileReference; lastKnownFileType = sourcecode.c.objc; path = FirstViewController.m; sourceTree = "<group>"; };
		ED8709731EA610A200CB9BC6 /* SecondViewController.h */ = {isa = PBXFileReference; lastKnownFileType = sourcecode.c.h; path = SecondViewController.h; sourceTree = "<group>"; };
		ED8709741EA610A200CB9BC6 /* SecondViewController.m */ = {isa = PBXFileReference; lastKnownFileType = sourcecode.c.objc; path = SecondViewController.m; sourceTree = "<group>"; };
		ED8709771EA610A200CB9BC6 /* Base */ = {isa = PBXFileReference; lastKnownFileType = file.storyboard; name = Base; path = Base.lproj/Main.storyboard; sourceTree = "<group>"; };
		ED8709791EA610A200CB9BC6 /* Assets.xcassets */ = {isa = PBXFileReference; lastKnownFileType = folder.assetcatalog; path = Assets.xcassets; sourceTree = "<group>"; };
		ED87097C1EA610A200CB9BC6 /* Base */ = {isa = PBXFileReference; lastKnownFileType = file.storyboard; name = Base; path = Base.lproj/LaunchScreen.storyboard; sourceTree = "<group>"; };
		ED87097E1EA610A200CB9BC6 /* Info.plist */ = {isa = PBXFileReference; lastKnownFileType = text.plist.xml; path = Info.plist; sourceTree = "<group>"; };
/* End PBXFileReference section */

/* Begin PBXFrameworksBuildPhase section */
		ED8709641EA610A200CB9BC6 /* Frameworks */ = {
			isa = PBXFrameworksBuildPhase;
			buildActionMask = 2147483647;
			files = (
			);
			runOnlyForDeploymentPostprocessing = 0;
		};
/* End PBXFrameworksBuildPhase section */

/* Begin PBXGroup section */
		ED87095E1EA610A200CB9BC6 = {
			isa = PBXGroup;
			children = (
				ED8709691EA610A200CB9BC6 /* Apollo_OC */,
				ED8709681EA610A200CB9BC6 /* Products */,
			);
			sourceTree = "<group>";
		};
		ED8709681EA610A200CB9BC6 /* Products */ = {
			isa = PBXGroup;
			children = (
				ED8709671EA610A200CB9BC6 /* Apollo_OC.app */,
			);
			name = Products;
			sourceTree = "<group>";
		};
		ED8709691EA610A200CB9BC6 /* Apollo_OC */ = {
			isa = PBXGroup;
			children = (
				ED87096D1EA610A200CB9BC6 /* AppDelegate.h */,
				ED87096E1EA610A200CB9BC6 /* AppDelegate.m */,
				ED8709701EA610A200CB9BC6 /* FirstViewController.h */,
				ED8709711EA610A200CB9BC6 /* FirstViewController.m */,
				ED8709731EA610A200CB9BC6 /* SecondViewController.h */,
				ED8709741EA610A200CB9BC6 /* SecondViewController.m */,
				ED8709761EA610A200CB9BC6 /* Main.storyboard */,
				ED8709791EA610A200CB9BC6 /* Assets.xcassets */,
				ED87097B1EA610A200CB9BC6 /* LaunchScreen.storyboard */,
				ED87097E1EA610A200CB9BC6 /* Info.plist */,
				ED87096A1EA610A200CB9BC6 /* Supporting Files */,
			);
			path = Apollo_OC;
			sourceTree = "<group>";
		};
		ED87096A1EA610A200CB9BC6 /* Supporting Files */ = {
			isa = PBXGroup;
			children = (
				ED87096B1EA610A200CB9BC6 /* main.m */,
			);
			name = "Supporting Files";
			sourceTree = "<group>";
		};
/* End PBXGroup section */

/* Begin PBXNativeTarget section */
		ED8709661EA610A200CB9BC6 /* Apollo_OC */ = {
			isa = PBXNativeTarget;
			buildConfigurationList = ED8709811EA610A200CB9BC6 /* Build configuration list for PBXNativeTarget "Apollo_OC" */;
			buildPhases = (
				ED8709631EA610A200CB9BC6 /* Sources */,
				ED8709641EA610A200CB9BC6 /* Frameworks */,
				ED8709651EA610A200CB9BC6 /* Resources */,
			);
			buildRules = (
			);
			dependencies = (
			);
			name = Apollo_OC;
			productName = Apollo_OC;
			productReference = ED8709671EA610A200CB9BC6 /* Apollo_OC.app */;
			productType = "com.apple.product-type.application";
		};
/* End PBXNativeTarget section */

/* Begin PBXProject section */
		ED87095F1EA610A200CB9BC6 /* Project object */ = {
			isa = PBXProject;
			attributes = {
				LastUpgradeCheck = 0830;
				ORGANIZATIONNAME = "Midtown Doornail";
				TargetAttributes = {
					ED8709661EA610A200CB9BC6 = {
						CreatedOnToolsVersion = 8.3;
						DevelopmentTeam = ZWR8MWYL3V;
						ProvisioningStyle = Automatic;
					};
				};
			};
			buildConfigurationList = ED8709621EA610A200CB9BC6 /* Build configuration list for PBXProject "Apollo_OC" */;
			compatibilityVersion = "Xcode 3.2";
			developmentRegion = English;
			hasScannedForEncodings = 0;
			knownRegions = (
				en,
				Base,
			);
			mainGroup = ED87095E1EA610A200CB9BC6;
			productRefGroup = ED8709681EA610A200CB9BC6 /* Products */;
			projectDirPath = "";
			projectRoot = "";
			targets = (
				ED8709661EA610A200CB9BC6 /* Apollo_OC */,
			);
		};
/* End PBXProject section */

/* Begin PBXResourcesBuildPhase section */
		ED8709651EA610A200CB9BC6 /* Resources */ = {
			isa = PBXResourcesBuildPhase;
			buildActionMask = 2147483647;
			files = (
				ED87097D1EA610A200CB9BC6 /* LaunchScreen.storyboard in Resources */,
				ED87097A1EA610A200CB9BC6 /* Assets.xcassets in Resources */,
				ED8709781EA610A200CB9BC6 /* Main.storyboard in Resources */,
			);
			runOnlyForDeploymentPostprocessing = 0;
		};
/* End PBXResourcesBuildPhase section */

/* Begin PBXSourcesBuildPhase section */
		ED8709631EA610A200CB9BC6 /* Sources */ = {
			isa = PBXSourcesBuildPhase;
			buildActionMask = 2147483647;
			files = (
				ED8709751EA610A200CB9BC6 /* SecondViewController.m in Sources */,
				ED87096F1EA610A200CB9BC6 /* AppDelegate.m in Sources */,
				ED8709721EA610A200CB9BC6 /* FirstViewController.m in Sources */,
				ED87096C1EA610A200CB9BC6 /* main.m in Sources */,
			);
			runOnlyForDeploymentPostprocessing = 0;
		};
/* End PBXSourcesBuildPhase section */

/* Begin PBXVariantGroup section */
		ED8709761EA610A200CB9BC6 /* Main.storyboard */ = {
			isa = PBXVariantGroup;
			children = (
				ED8709771EA610A200CB9BC6 /* Base */,
			);
			name = Main.storyboard;
			sourceTree = "<group>";
		};
		ED87097B1EA610A200CB9BC6 /* LaunchScreen.storyboard */ = {
			isa = PBXVariantGroup;
			children = (
				ED87097C1EA610A200CB9BC6 /* Base */,
			);
			name = LaunchScreen.storyboard;
			sourceTree = "<group>";
		};
/* End PBXVariantGroup section */

/* Begin XCBuildConfiguration section */
		ED87097F1EA610A200CB9BC6 /* Debug */ = {
			isa = XCBuildConfiguration;
			buildSettings = {
				ALWAYS_SEARCH_USER_PATHS = NO;
				CLANG_ANALYZER_NONNULL = YES;
				CLANG_ANALYZER_NUMBER_OBJECT_CONVERSION = YES_AGGRESSIVE;
				CLANG_CXX_LANGUAGE_STANDARD = "gnu++0x";
				CLANG_CXX_LIBRARY = "libc++";
				CLANG_ENABLE_MODULES = YES;
				CLANG_ENABLE_OBJC_ARC = YES;
				CLANG_WARN_BOOL_CONVERSION = YES;
				CLANG_WARN_CONSTANT_CONVERSION = YES;
				CLANG_WARN_DIRECT_OBJC_ISA_USAGE = YES_ERROR;
				CLANG_WARN_DOCUMENTATION_COMMENTS = YES;
				CLANG_WARN_EMPTY_BODY = YES;
				CLANG_WARN_ENUM_CONVERSION = YES;
				CLANG_WARN_INFINITE_RECURSION = YES;
				CLANG_WARN_INT_CONVERSION = YES;
				CLANG_WARN_OBJC_ROOT_CLASS = YES_ERROR;
				CLANG_WARN_SUSPICIOUS_MOVE = YES;
				CLANG_WARN_UNREACHABLE_CODE = YES;
				CLANG_WARN__DUPLICATE_METHOD_MATCH = YES;
				"CODE_SIGN_IDENTITY[sdk=iphoneos*]" = "iPhone Developer";
				COPY_PHASE_STRIP = NO;
				DEBUG_INFORMATION_FORMAT = dwarf;
				ENABLE_STRICT_OBJC_MSGSEND = YES;
				ENABLE_TESTABILITY = YES;
				GCC_C_LANGUAGE_STANDARD = gnu99;
				GCC_DYNAMIC_NO_PIC = NO;
				GCC_NO_COMMON_BLOCKS = YES;
				GCC_OPTIMIZATION_LEVEL = 0;
				GCC_PREPROCESSOR_DEFINITIONS = (
					"DEBUG=1",
					"$(inherited)",
				);
				GCC_WARN_64_TO_32_BIT_CONVERSION = YES;
				GCC_WARN_ABOUT_RETURN_TYPE = YES_ERROR;
				GCC_WARN_UNDECLARED_SELECTOR = YES;
				GCC_WARN_UNINITIALIZED_AUTOS = YES_AGGRESSIVE;
				GCC_WARN_UNUSED_FUNCTION = YES;
				GCC_WARN_UNUSED_VARIABLE = YES;
				IPHONEOS_DEPLOYMENT_TARGET = 10.3;
				MTL_ENABLE_DEBUG_INFO = YES;
				ONLY_ACTIVE_ARCH = YES;
				SDKROOT = iphoneos;
			};
			name = Debug;
		};
		ED8709801EA610A200CB9BC6 /* Release */ = {
			isa = XCBuildConfiguration;
			buildSettings = {
				ALWAYS_SEARCH_USER_PATHS = NO;
				CLANG_ANALYZER_NONNULL = YES;
				CLANG_ANALYZER_NUMBER_OBJECT_CONVERSION = YES_AGGRESSIVE;
				CLANG_CXX_LANGUAGE_STANDARD = "gnu++0x";
				CLANG_CXX_LIBRARY = "libc++";
				CLANG_ENABLE_MODULES = YES;
				CLANG_ENABLE_OBJC_ARC = YES;
				CLANG_WARN_BOOL_CONVERSION = YES;
				CLANG_WARN_CONSTANT_CONVERSION = YES;
				CLANG_WARN_DIRECT_OBJC_ISA_USAGE = YES_ERROR;
				CLANG_WARN_DOCUMENTATION_COMMENTS = YES;
				CLANG_WARN_EMPTY_BODY = YES;
				CLANG_WARN_ENUM_CONVERSION = YES;
				CLANG_WARN_INFINITE_RECURSION = YES;
				CLANG_WARN_INT_CONVERSION = YES;
				CLANG_WARN_OBJC_ROOT_CLASS = YES_ERROR;
				CLANG_WARN_SUSPICIOUS_MOVE = YES;
				CLANG_WARN_UNREACHABLE_CODE = YES;
				CLANG_WARN__DUPLICATE_METHOD_MATCH = YES;
				"CODE_SIGN_IDENTITY[sdk=iphoneos*]" = "iPhone Developer";
				COPY_PHASE_STRIP = NO;
				DEBUG_INFORMATION_FORMAT = "dwarf-with-dsym";
				ENABLE_NS_ASSERTIONS = NO;
				ENABLE_STRICT_OBJC_MSGSEND = YES;
				GCC_C_LANGUAGE_STANDARD = gnu99;
				GCC_NO_COMMON_BLOCKS = YES;
				GCC_WARN_64_TO_32_BIT_CONVERSION = YES;
				GCC_WARN_ABOUT_RETURN_TYPE = YES_ERROR;
				GCC_WARN_UNDECLARED_SELECTOR = YES;
				GCC_WARN_UNINITIALIZED_AUTOS = YES_AGGRESSIVE;
				GCC_WARN_UNUSED_FUNCTION = YES;
				GCC_WARN_UNUSED_VARIABLE = YES;
				IPHONEOS_DEPLOYMENT_TARGET = 10.3;
				MTL_ENABLE_DEBUG_INFO = NO;
				SDKROOT = iphoneos;
				VALIDATE_PRODUCT = YES;
			};
			name = Release;
		};
		ED8709821EA610A200CB9BC6 /* Debug */ = {
			isa = XCBuildConfiguration;
			buildSettings = {
				ASSETCATALOG_COMPILER_APPICON_NAME = AppIcon;
				DEVELOPMENT_TEAM = ZWR8MWYL3V;
				INFOPLIST_FILE = Apollo_OC/Info.plist;
				LD_RUNPATH_SEARCH_PATHS = "$(inherited) @executable_path/Frameworks";
				PRODUCT_BUNDLE_IDENTIFIER = "Midtown-Doornail.Apollo-OC";
				PRODUCT_NAME = "$(TARGET_NAME)";
			};
			name = Debug;
		};
		ED8709831EA610A200CB9BC6 /* Release */ = {
			isa = XCBuildConfiguration;
			buildSettings = {
				ASSETCATALOG_COMPILER_APPICON_NAME = AppIcon;
				DEVELOPMENT_TEAM = ZWR8MWYL3V;
				INFOPLIST_FILE = Apollo_OC/Info.plist;
				LD_RUNPATH_SEARCH_PATHS = "$(inherited) @executable_path/Frameworks";
				PRODUCT_BUNDLE_IDENTIFIER = "Midtown-Doornail.Apollo-OC";
				PRODUCT_NAME = "$(TARGET_NAME)";
			};
			name = Release;
		};
/* End XCBuildConfiguration section */

/* Begin XCConfigurationList section */
		ED8709621EA610A200CB9BC6 /* Build configuration list for PBXProject "Apollo_OC" */ = {
			isa = XCConfigurationList;
			buildConfigurations = (
				ED87097F1EA610A200CB9BC6 /* Debug */,
				ED8709801EA610A200CB9BC6 /* Release */,
			);
			defaultConfigurationIsVisible = 0;
			defaultConfigurationName = Release;
		};
		ED8709811EA610A200CB9BC6 /* Build configuration list for PBXNativeTarget "Apollo_OC" */ = {
			isa = XCConfigurationList;
			buildConfigurations = (
				ED8709821EA610A200CB9BC6 /* Debug */,
				ED8709831EA610A200CB9BC6 /* Release */,
			);
			defaultConfigurationIsVisible = 0;
		};
/* End XCConfigurationList section */
	};
	rootObject = ED87095F1EA610A200CB9BC6 /* Project object */;
}
